{
  "name": "src",
  "lockfileVersion": 2,
  "requires": true,
  "packages": {
    "": {
      "dependencies": {
        "@types/leaflet": "^1.9.0",
        "bulma": "^0.9.4",
        "leaflet": "^1.9.3",
        "leaflet-spin": "^1.1.2",
        "leaflet.fullscreen": "^2.4.0"
      },
      "devDependencies": {
        "typescript": "^4.9.4"
      }
    },
    "node_modules/@types/geojson": {
      "version": "7946.0.10",
      "resolved": "https://registry.npmjs.org/@types/geojson/-/geojson-7946.0.10.tgz",
      "integrity": "sha512-Nmh0K3iWQJzniTuPRcJn5hxXkfB1T1pgB89SBig5PlJQU5yocazeu4jATJlaA0GYFKWMqDdvYemoSnF2pXgLVA=="
    },
    "node_modules/@types/leaflet": {
      "version": "1.9.0",
      "resolved": "https://registry.npmjs.org/@types/leaflet/-/leaflet-1.9.0.tgz",
      "integrity": "sha512-7LeOSj7EloC5UcyOMo+1kc3S1UT3MjJxwqsMT1d2PTyvQz53w0Y0oSSk9nwZnOZubCmBvpSNGceucxiq+ZPEUw==",
      "dependencies": {
        "@types/geojson": "*"
      }
    },
    "node_modules/bulma": {
      "version": "0.9.4",
      "resolved": "https://registry.npmjs.org/bulma/-/bulma-0.9.4.tgz",
      "integrity": "sha512-86FlT5+1GrsgKbPLRRY7cGDg8fsJiP/jzTqXXVqiUZZ2aZT8uemEOHlU1CDU+TxklPEZ11HZNNWclRBBecP4CQ=="
    },
    "node_modules/leaflet": {
      "version": "1.9.3",
      "resolved": "https://registry.npmjs.org/leaflet/-/leaflet-1.9.3.tgz",
      "integrity": "sha512-iB2cR9vAkDOu5l3HAay2obcUHZ7xwUBBjph8+PGtmW/2lYhbLizWtG7nTeYht36WfOslixQF9D/uSIzhZgGMfQ=="
    },
    "node_modules/leaflet-spin": {
      "version": "1.1.2",
      "resolved": "https://registry.npmjs.org/leaflet-spin/-/leaflet-spin-1.1.2.tgz",
      "integrity": "sha512-OLpeDrrAv1YY8NVSnOP0YfICFFm+IFauL77erXH87ZiTIXl3aPwUJXOd336DrQCe4aFsY+F3oG/1+aXyjqKV2w==",
      "dependencies": {
        "spin.js": "^2.3.1"
      },
      "peerDependencies": {
        "leaflet": "<=1"
      }
    },
    "node_modules/leaflet.fullscreen": {
      "version": "2.4.0",
      "resolved": "https://registry.npmjs.org/leaflet.fullscreen/-/leaflet.fullscreen-2.4.0.tgz",
      "integrity": "sha512-41O0ikdUR0bVC0QfoFN3W5S+9yoeHqL74i0QQafa/W79+ij/G7IRZwpfwPuxoNwpydoUJ/9Mq/6Hp7WZOnkWzQ=="
    },
    "node_modules/spin.js": {
      "version": "2.3.2",
      "resolved": "https://registry.npmjs.org/spin.js/-/spin.js-2.3.2.tgz",
      "integrity": "sha512-ryhCvKCRa6J5Fxa7Y+fnhE2a+e05JwfW5dxO82zPd0uDM9o+qp8p74BJUurjiqCqmDsWNvGOAxfqdD317XIedg=="
    },
    "node_modules/typescript": {
      "version": "4.9.4",
      "resolved": "https://registry.npmjs.org/typescript/-/typescript-4.9.4.tgz",
      "integrity": "sha512-Uz+dTXYzxXXbsFpM86Wh3dKCxrQqUcVMxwU54orwlJjOpO3ao8L7j5lH+dWfTwgCwIuM9GQ2kvVotzYJMXTBZg==",
      "dev": true,
      "bin": {
        "tsc": "bin/tsc",
        "tsserver": "bin/tsserver"
      },
      "engines": {
        "node": ">=4.2.0"
      }
    }
  },
  "dependencies": {
    "@types/geojson": {
      "version": "7946.0.10",
      "resolved": "https://registry.npmjs.org/@types/geojson/-/geojson-7946.0.10.tgz",
      "integrity": "sha512-Nmh0K3iWQJzniTuPRcJn5hxXkfB1T1pgB89SBig5PlJQU5yocazeu4jATJlaA0GYFKWMqDdvYemoSnF2pXgLVA=="
    },
    "@types/leaflet": {
      "version": "1.9.0",
      "resolved": "https://registry.npmjs.org/@types/leaflet/-/leaflet-1.9.0.tgz",
      "integrity": "sha512-7LeOSj7EloC5UcyOMo+1kc3S1UT3MjJxwqsMT1d2PTyvQz53w0Y0oSSk9nwZnOZubCmBvpSNGceucxiq+ZPEUw==",
      "requires": {
        "@types/geojson": "*"
      }
    },
    "bulma": {
      "version": "0.9.4",
      "resolved": "https://registry.npmjs.org/bulma/-/bulma-0.9.4.tgz",
      "integrity": "sha512-86FlT5+1GrsgKbPLRRY7cGDg8fsJiP/jzTqXXVqiUZZ2aZT8uemEOHlU1CDU+TxklPEZ11HZNNWclRBBecP4CQ=="
    },
    "leaflet": {
      "version": "1.9.3",
      "resolved": "https://registry.npmjs.org/leaflet/-/leaflet-1.9.3.tgz",
      "integrity": "sha512-iB2cR9vAkDOu5l3HAay2obcUHZ7xwUBBjph8+PGtmW/2lYhbLizWtG7nTeYht36WfOslixQF9D/uSIzhZgGMfQ=="
    },
    "leaflet-spin": {
      "version": "1.1.2",
      "resolved": "https://registry.npmjs.org/leaflet-spin/-/leaflet-spin-1.1.2.tgz",
      "integrity": "sha512-OLpeDrrAv1YY8NVSnOP0YfICFFm+IFauL77erXH87ZiTIXl3aPwUJXOd336DrQCe4aFsY+F3oG/1+aXyjqKV2w==",
      "requires": {
        "spin.js": "^2.3.1"
      }
    },
    "leaflet.fullscreen": {
      "version": "2.4.0",
      "resolved": "https://registry.npmjs.org/leaflet.fullscreen/-/leaflet.fullscreen-2.4.0.tgz",
      "integrity": "sha512-41O0ikdUR0bVC0QfoFN3W5S+9yoeHqL74i0QQafa/W79+ij/G7IRZwpfwPuxoNwpydoUJ/9Mq/6Hp7WZOnkWzQ=="
    },
    "spin.js": {
      "version": "2.3.2",
      "resolved": "https://registry.npmjs.org/spin.js/-/spin.js-2.3.2.tgz",
      "integrity": "sha512-ryhCvKCRa6J5Fxa7Y+fnhE2a+e05JwfW5dxO82zPd0uDM9o+qp8p74BJUurjiqCqmDsWNvGOAxfqdD317XIedg=="
    },
    "typescript": {
      "version": "4.9.4",
      "resolved": "https://registry.npmjs.org/typescript/-/typescript-4.9.4.tgz",
      "integrity": "sha512-Uz+dTXYzxXXbsFpM86Wh3dKCxrQqUcVMxwU54orwlJjOpO3ao8L7j5lH+dWfTwgCwIuM9GQ2kvVotzYJMXTBZg==",
      "dev": true
    }
  }
}
